
Microsoft Visual Studio Solution File, Format Version 12.00
# Visual Studio 14
VisualStudioVersion = 14.0.25420.1
MinimumVisualStudioVersion = 10.0.40219.1
Project("{FAE04EC0-301F-11D3-BF4B-00C04F79EFBC}") = "Chapter1", "Chapter1\Chapter1.csproj", "{263BDE27-9B85-48ED-A3FE-17BDD2018955}"
EndProject
Project("{FAE04EC0-301F-11D3-BF4B-00C04F79EFBC}") = "Demo", "Demo\Demo.csproj", "{792B556F-2268-4181-AE8A-2586DB19A97E}"
EndProject
Global
	GlobalSection(SolutionConfigurationPlatforms) = preSolution
		Debug|Any CPU = Debug|Any CPU
		Release|Any CPU = Release|Any CPU
	EndGlobalSection
	GlobalSection(ProjectConfigurationPlatforms) = postSolution
		{263BDE27-9B85-48ED-A3FE-17BDD2018955}.Debug|Any CPU.ActiveCfg = Debug|Any CPU
		{263BDE27-9B85-48ED-A3FE-17BDD2018955}.Debug|Any CPU.Build.0 = Debug|Any CPU
		{263BDE27-9B85-48ED-A3FE-17BDD2018955}.Release|Any CPU.ActiveCfg = Release|Any CPU
		{263BDE27-9B85-48ED-A3FE-17BDD2018955}.Release|Any CPU.Build.0 = Release|Any CPU
		{792B556F-2268-4181-AE8A-2586DB19A97E}.Debug|Any CPU.ActiveCfg = Debug|Any CPU
		{792B556F-2268-4181-AE8A-2586DB19A97E}.Debug|Any CPU.Build.0 = Debug|Any CPU
		{792B556F-2268-4181-AE8A-2586DB19A97E}.Release|Any CPU.ActiveCfg = Release|Any CPU
		{792B556F-2268-4181-AE8A-2586DB19A97E}.Release|Any CPU.Build.0 = Release|Any CPU
	EndGlobalSection
	GlobalSection(SolutionProperties) = preSolution
		HideSolutionNode = FALSE
	EndGlobalSection
EndGlobal
